
Microsoft Visual Studio Solution File, Format Version 12.00
# Visual Studio 15
VisualStudioVersion = 15.0.28010.2041
MinimumVisualStudioVersion = 10.0.40219.1
Project("{9A19103F-16F7-4668-BE54-9A1E7A4F7556}") = "MigrationPlayground", "MigrationPlayground\MigrationPlayground.csproj", "{3B782610-F59C-4B7F-8DBF-AD122775326A}"
EndProject
Project("{FAE04EC0-301F-11D3-BF4B-00C04F79EFBC}") = "MigrationPlayground.Core", "MigrationPlayground.Core\MigrationPlayground.Core.csproj", "{91D627C7-175A-48B3-A6FC-469262067D8D}"
EndProject
Global
	GlobalSection(SolutionConfigurationPlatforms) = preSolution
		Debug|Any CPU = Debug|Any CPU
		Release|Any CPU = Release|Any CPU
	EndGlobalSection
	GlobalSection(ProjectConfigurationPlatforms) = postSolution
		{3B782610-F59C-4B7F-8DBF-AD122775326A}.Debug|Any CPU.ActiveCfg = Debug|Any CPU
		{3B782610-F59C-4B7F-8DBF-AD122775326A}.Debug|Any CPU.Build.0 = Debug|Any CPU
		{3B782610-F59C-4B7F-8DBF-AD122775326A}.Release|Any CPU.ActiveCfg = Release|Any CPU
		{3B782610-F59C-4B7F-8DBF-AD122775326A}.Release|Any CPU.Build.0 = Release|Any CPU
		{91D627C7-175A-48B3-A6FC-469262067D8D}.Debug|Any CPU.ActiveCfg = Debug|Any CPU
		{91D627C7-175A-48B3-A6FC-469262067D8D}.Debug|Any CPU.Build.0 = Debug|Any CPU
		{91D627C7-175A-48B3-A6FC-469262067D8D}.Release|Any CPU.ActiveCfg = Release|Any CPU
		{91D627C7-175A-48B3-A6FC-469262067D8D}.Release|Any CPU.Build.0 = Release|Any CPU
	EndGlobalSection
	GlobalSection(SolutionProperties) = preSolution
		HideSolutionNode = FALSE
	EndGlobalSection
	GlobalSection(ExtensibilityGlobals) = postSolution
		SolutionGuid = {61F5B1F0-2DBF-48CE-96EA-26EBD749C7D1}
	EndGlobalSection
EndGlobal
